
Microsoft Visual Studio Solution File, Format Version 12.00
# Visual Studio 15
VisualStudioVersion = 15.0.28010.2050
MinimumVisualStudioVersion = 10.0.40219.1
Project("{8BC9CEB8-8B4A-11D0-8D11-00A0C91BC942}") = "Fix32", "Fix32\Fix32.vcxproj", "{DBDE7912-553B-42BC-9B13-EE66ECF82DC3}"
EndProject
Project("{8BC9CEB8-8B4A-11D0-8D11-00A0C91BC942}") = "Test", "Test\Test.vcxproj", "{41AE409D-0880-425D-B614-15AFB1A1D03C}"
EndProject
Project("{8BC9CEB8-8B4A-11D0-8D11-00A0C91BC942}") = "Benchmark", "Benchmark\Benchmark.vcxproj", "{F1ACB3A3-70E7-4880-ABC4-88798DE3520A}"
EndProject
Project("{8BC9CEB8-8B4A-11D0-8D11-00A0C91BC942}") = "Example", "Example\Example.vcxproj", "{0B62ADE0-C7B2-4C9E-81D1-222DBDD53697}"
EndProject
Global
	GlobalSection(SolutionConfigurationPlatforms) = preSolution
		Debug|x64 = Debug|x64
		Debug|x86 = Debug|x86
		Release|x64 = Release|x64
		Release|x86 = Release|x86
	EndGlobalSection
	GlobalSection(ProjectConfigurationPlatforms) = postSolution
		{DBDE7912-553B-42BC-9B13-EE66ECF82DC3}.Debug|x64.ActiveCfg = Debug|x64
		{DBDE7912-553B-42BC-9B13-EE66ECF82DC3}.Debug|x64.Build.0 = Debug|x64
		{DBDE7912-553B-42BC-9B13-EE66ECF82DC3}.Debug|x86.ActiveCfg = Debug|Win32
		{DBDE7912-553B-42BC-9B13-EE66ECF82DC3}.Debug|x86.Build.0 = Debug|Win32
		{DBDE7912-553B-42BC-9B13-EE66ECF82DC3}.Release|x64.ActiveCfg = Release|x64
		{DBDE7912-553B-42BC-9B13-EE66ECF82DC3}.Release|x64.Build.0 = Release|x64
		{DBDE7912-553B-42BC-9B13-EE66ECF82DC3}.Release|x86.ActiveCfg = Release|Win32
		{DBDE7912-553B-42BC-9B13-EE66ECF82DC3}.Release|x86.Build.0 = Release|Win32
		{41AE409D-0880-425D-B614-15AFB1A1D03C}.Debug|x64.ActiveCfg = Debug|x64
		{41AE409D-0880-425D-B614-15AFB1A1D03C}.Debug|x64.Build.0 = Debug|x64
		{41AE409D-0880-425D-B614-15AFB1A1D03C}.Debug|x86.ActiveCfg = Debug|Win32
		{41AE409D-0880-425D-B614-15AFB1A1D03C}.Debug|x86.Build.0 = Debug|Win32
		{41AE409D-0880-425D-B614-15AFB1A1D03C}.Release|x64.ActiveCfg = Release|x64
		{41AE409D-0880-425D-B614-15AFB1A1D03C}.Release|x64.Build.0 = Release|x64
		{41AE409D-0880-425D-B614-15AFB1A1D03C}.Release|x86.ActiveCfg = Release|Win32
		{41AE409D-0880-425D-B614-15AFB1A1D03C}.Release|x86.Build.0 = Release|Win32
		{F1ACB3A3-70E7-4880-ABC4-88798DE3520A}.Debug|x64.ActiveCfg = Debug|x64
		{F1ACB3A3-70E7-4880-ABC4-88798DE3520A}.Debug|x64.Build.0 = Debug|x64
		{F1ACB3A3-70E7-4880-ABC4-88798DE3520A}.Debug|x86.ActiveCfg = Debug|Win32
		{F1ACB3A3-70E7-4880-ABC4-88798DE3520A}.Debug|x86.Build.0 = Debug|Win32
		{F1ACB3A3-70E7-4880-ABC4-88798DE3520A}.Release|x64.ActiveCfg = Release|x64
		{F1ACB3A3-70E7-4880-ABC4-88798DE3520A}.Release|x64.Build.0 = Release|x64
		{F1ACB3A3-70E7-4880-ABC4-88798DE3520A}.Release|x86.ActiveCfg = Release|Win32
		{F1ACB3A3-70E7-4880-ABC4-88798DE3520A}.Release|x86.Build.0 = Release|Win32
		{0B62ADE0-C7B2-4C9E-81D1-222DBDD53697}.Debug|x64.ActiveCfg = Debug|x64
		{0B62ADE0-C7B2-4C9E-81D1-222DBDD53697}.Debug|x64.Build.0 = Debug|x64
		{0B62ADE0-C7B2-4C9E-81D1-222DBDD53697}.Debug|x86.ActiveCfg = Debug|Win32
		{0B62ADE0-C7B2-4C9E-81D1-222DBDD53697}.Debug|x86.Build.0 = Debug|Win32
		{0B62ADE0-C7B2-4C9E-81D1-222DBDD53697}.Release|x64.ActiveCfg = Release|x64
		{0B62ADE0-C7B2-4C9E-81D1-222DBDD53697}.Release|x64.Build.0 = Release|x64
		{0B62ADE0-C7B2-4C9E-81D1-222DBDD53697}.Release|x86.ActiveCfg = Release|Win32
		{0B62ADE0-C7B2-4C9E-81D1-222DBDD53697}.Release|x86.Build.0 = Release|Win32
	EndGlobalSection
	GlobalSection(SolutionProperties) = preSolution
		HideSolutionNode = FALSE
	EndGlobalSection
	GlobalSection(ExtensibilityGlobals) = postSolution
		SolutionGuid = {3690AAE1-8FCA-4062-955E-4F3D4BF0CF35}
	EndGlobalSection
EndGlobal
